// !$*UTF8*$!
{
	archiveVersion = 1;
	classes = {
	};
	objectVersion = 55;
	objects = {

/* Begin PBXBuildFile section */
		0023B3FD2A59BD6200FDE61C /* ItemsTableViewController + Navigation.swift in Sources */ = {isa = PBXBuildFile; fileRef = 0023B3FC2A59BD6200FDE61C /* ItemsTableViewController + Navigation.swift */; };
		002F63592A0D07070036D6B5 /* ItemType.swift in Sources */ = {isa = PBXBuildFile; fileRef = 002F63582A0D07070036D6B5 /* ItemType.swift */; };
		002F635B2A0D0BE80036D6B5 /* LaunchScreen.swift in Sources */ = {isa = PBXBuildFile; fileRef = 002F635A2A0D0BE80036D6B5 /* LaunchScreen.swift */; };
		002F635D2A0D35520036D6B5 /* ItemsTableViewControllerViewModel.swift in Sources */ = {isa = PBXBuildFile; fileRef = 002F635C2A0D35520036D6B5 /* ItemsTableViewControllerViewModel.swift */; };
		002FE3662A5F2906002BB472 /* ItemAddon.swift in Sources */ = {isa = PBXBuildFile; fileRef = 002FE3652A5F2906002BB472 /* ItemAddon.swift */; };
		002FE3682A5F2B22002BB472 /* CurrencyObject.swift in Sources */ = {isa = PBXBuildFile; fileRef = 002FE3672A5F2B22002BB472 /* CurrencyObject.swift */; };
		0045145527298F5A00CB523A /* AppDelegate.swift in Sources */ = {isa = PBXBuildFile; fileRef = 0045145427298F5A00CB523A /* AppDelegate.swift */; };
		0045145727298F5A00CB523A /* SceneDelegate.swift in Sources */ = {isa = PBXBuildFile; fileRef = 0045145627298F5A00CB523A /* SceneDelegate.swift */; };
		0045145E27298F5C00CB523A /* Assets.xcassets in Resources */ = {isa = PBXBuildFile; fileRef = 0045145D27298F5C00CB523A /* Assets.xcassets */; };
		0045146127298F5C00CB523A /* LaunchScreen.storyboard in Resources */ = {isa = PBXBuildFile; fileRef = 0045145F27298F5C00CB523A /* LaunchScreen.storyboard */; };
		0045146927298F9800CB523A /* Persistency.swift in Sources */ = {isa = PBXBuildFile; fileRef = 0045146827298F9800CB523A /* Persistency.swift */; };
		0045146B27298FEE00CB523A /* Item.swift in Sources */ = {isa = PBXBuildFile; fileRef = 0045146A27298FEE00CB523A /* Item.swift */; };
		004766062905E5B500BCCCA1 /* Localizable.stringsdict in Resources */ = {isa = PBXBuildFile; fileRef = 004766052905E5B500BCCCA1 /* Localizable.stringsdict */; };
		0049977A2A6EC3670075540A /* DetailViewModel.swift in Sources */ = {isa = PBXBuildFile; fileRef = 004997792A6EC3670075540A /* DetailViewModel.swift */; };
		004F99232A571D580081365F /* SheetView.swift in Sources */ = {isa = PBXBuildFile; fileRef = 004F99222A571D580081365F /* SheetView.swift */; };
		005323CC272B463F008FAAD7 /* ItemsTableViewController.swift in Sources */ = {isa = PBXBuildFile; fileRef = 005323CB272B463F008FAAD7 /* ItemsTableViewController.swift */; };
		0062827F2A7D4961005D5F61 /* ItemAddonView.swift in Sources */ = {isa = PBXBuildFile; fileRef = 0062827E2A7D4961005D5F61 /* ItemAddonView.swift */; };
		00A9E8F02A8E705A00067280 /* ItemCell.swift in Sources */ = {isa = PBXBuildFile; fileRef = 00A9E8EF2A8E705A00067280 /* ItemCell.swift */; };
		00A9E8F22A8E791400067280 /* ItemCellViewModel.swift in Sources */ = {isa = PBXBuildFile; fileRef = 00A9E8F12A8E791400067280 /* ItemCellViewModel.swift */; };
		00A9E8F42A8E7A3500067280 /* SettingsView.swift in Sources */ = {isa = PBXBuildFile; fileRef = 00A9E8F32A8E7A3500067280 /* SettingsView.swift */; };
		00A9E8F62A8EC03700067280 /* CurrencyDiff.swift in Sources */ = {isa = PBXBuildFile; fileRef = 00A9E8F52A8EC03700067280 /* CurrencyDiff.swift */; };
		00A9E8F82A8EEB2E00067280 /* SettingsViewModel.swift in Sources */ = {isa = PBXBuildFile; fileRef = 00A9E8F72A8EEB2E00067280 /* SettingsViewModel.swift */; };
		00AF38462A84300C007D72FB /* ItemAddonViewModel.swift in Sources */ = {isa = PBXBuildFile; fileRef = 00AF38452A84300C007D72FB /* ItemAddonViewModel.swift */; };
		00B008A22A6AAFAA0096EA7D /* Protocols.swift in Sources */ = {isa = PBXBuildFile; fileRef = 00B008A12A6AAFAA0096EA7D /* Protocols.swift */; };
		00B47CFC2A7C1F0600B01E52 /* DetailView.swift in Sources */ = {isa = PBXBuildFile; fileRef = 00B47CFB2A7C1F0600B01E52 /* DetailView.swift */; };
		00CA40822A30AF8800845AC7 /* ItemsTableViewController + EmptyView.swift in Sources */ = {isa = PBXBuildFile; fileRef = 00CA40812A30AF8800845AC7 /* ItemsTableViewController + EmptyView.swift */; };
/* End PBXBuildFile section */

/* Begin PBXFileReference section */
		0023B3FC2A59BD6200FDE61C /* ItemsTableViewController + Navigation.swift */ = {isa = PBXFileReference; lastKnownFileType = sourcecode.swift; path = "ItemsTableViewController + Navigation.swift"; sourceTree = "<group>"; };
		002F63582A0D07070036D6B5 /* ItemType.swift */ = {isa = PBXFileReference; lastKnownFileType = sourcecode.swift; path = ItemType.swift; sourceTree = "<group>"; };
		002F635A2A0D0BE80036D6B5 /* LaunchScreen.swift */ = {isa = PBXFileReference; lastKnownFileType = sourcecode.swift; path = LaunchScreen.swift; sourceTree = "<group>"; };
		002F635C2A0D35520036D6B5 /* ItemsTableViewControllerViewModel.swift */ = {isa = PBXFileReference; lastKnownFileType = sourcecode.swift; path = ItemsTableViewControllerViewModel.swift; sourceTree = "<group>"; };
		002FE3652A5F2906002BB472 /* ItemAddon.swift */ = {isa = PBXFileReference; lastKnownFileType = sourcecode.swift; path = ItemAddon.swift; sourceTree = "<group>"; };
		002FE3672A5F2B22002BB472 /* CurrencyObject.swift */ = {isa = PBXFileReference; lastKnownFileType = sourcecode.swift; path = CurrencyObject.swift; sourceTree = "<group>"; };
		0045145127298F5A00CB523A /* Cost Per Week.app */ = {isa = PBXFileReference; explicitFileType = wrapper.application; includeInIndex = 0; path = "Cost Per Week.app"; sourceTree = BUILT_PRODUCTS_DIR; };
		0045145427298F5A00CB523A /* AppDelegate.swift */ = {isa = PBXFileReference; lastKnownFileType = sourcecode.swift; path = AppDelegate.swift; sourceTree = "<group>"; };
		0045145627298F5A00CB523A /* SceneDelegate.swift */ = {isa = PBXFileReference; lastKnownFileType = sourcecode.swift; path = SceneDelegate.swift; sourceTree = "<group>"; };
		0045145D27298F5C00CB523A /* Assets.xcassets */ = {isa = PBXFileReference; lastKnownFileType = folder.assetcatalog; path = Assets.xcassets; sourceTree = "<group>"; };
		0045146027298F5C00CB523A /* Base */ = {isa = PBXFileReference; lastKnownFileType = file.storyboard; name = Base; path = Base.lproj/LaunchScreen.storyboard; sourceTree = "<group>"; };
		0045146227298F5C00CB523A /* Info.plist */ = {isa = PBXFileReference; lastKnownFileType = text.plist.xml; path = Info.plist; sourceTree = "<group>"; };
		0045146827298F9800CB523A /* Persistency.swift */ = {isa = PBXFileReference; lastKnownFileType = sourcecode.swift; path = Persistency.swift; sourceTree = "<group>"; };
		0045146A27298FEE00CB523A /* Item.swift */ = {isa = PBXFileReference; lastKnownFileType = sourcecode.swift; path = Item.swift; sourceTree = "<group>"; };
		004766042905E51F00BCCCA1 /* ru */ = {isa = PBXFileReference; lastKnownFileType = text.plist.strings; name = ru; path = ru.lproj/LaunchScreen.strings; sourceTree = "<group>"; };
		004766052905E5B500BCCCA1 /* Localizable.stringsdict */ = {isa = PBXFileReference; lastKnownFileType = text.plist.stringsdict; path = Localizable.stringsdict; sourceTree = "<group>"; };
		004997792A6EC3670075540A /* DetailViewModel.swift */ = {isa = PBXFileReference; lastKnownFileType = sourcecode.swift; path = DetailViewModel.swift; sourceTree = "<group>"; };
		004F99222A571D580081365F /* SheetView.swift */ = {isa = PBXFileReference; lastKnownFileType = sourcecode.swift; path = SheetView.swift; sourceTree = "<group>"; };
		005323CB272B463F008FAAD7 /* ItemsTableViewController.swift */ = {isa = PBXFileReference; lastKnownFileType = sourcecode.swift; path = ItemsTableViewController.swift; sourceTree = "<group>"; };
		0062827E2A7D4961005D5F61 /* ItemAddonView.swift */ = {isa = PBXFileReference; lastKnownFileType = sourcecode.swift; path = ItemAddonView.swift; sourceTree = "<group>"; };
		00A9E8EF2A8E705A00067280 /* ItemCell.swift */ = {isa = PBXFileReference; lastKnownFileType = sourcecode.swift; path = ItemCell.swift; sourceTree = "<group>"; };
		00A9E8F12A8E791400067280 /* ItemCellViewModel.swift */ = {isa = PBXFileReference; lastKnownFileType = sourcecode.swift; path = ItemCellViewModel.swift; sourceTree = "<group>"; };
		00A9E8F32A8E7A3500067280 /* SettingsView.swift */ = {isa = PBXFileReference; lastKnownFileType = sourcecode.swift; path = SettingsView.swift; sourceTree = "<group>"; };
		00A9E8F52A8EC03700067280 /* CurrencyDiff.swift */ = {isa = PBXFileReference; lastKnownFileType = sourcecode.swift; path = CurrencyDiff.swift; sourceTree = "<group>"; };
		00A9E8F72A8EEB2E00067280 /* SettingsViewModel.swift */ = {isa = PBXFileReference; lastKnownFileType = sourcecode.swift; path = SettingsViewModel.swift; sourceTree = "<group>"; };
		00AF38452A84300C007D72FB /* ItemAddonViewModel.swift */ = {isa = PBXFileReference; lastKnownFileType = sourcecode.swift; path = ItemAddonViewModel.swift; sourceTree = "<group>"; };
		00B008A12A6AAFAA0096EA7D /* Protocols.swift */ = {isa = PBXFileReference; lastKnownFileType = sourcecode.swift; path = Protocols.swift; sourceTree = "<group>"; };
		00B47CFB2A7C1F0600B01E52 /* DetailView.swift */ = {isa = PBXFileReference; lastKnownFileType = sourcecode.swift; path = DetailView.swift; sourceTree = "<group>"; };
		00CA40812A30AF8800845AC7 /* ItemsTableViewController + EmptyView.swift */ = {isa = PBXFileReference; lastKnownFileType = sourcecode.swift; path = "ItemsTableViewController + EmptyView.swift"; sourceTree = "<group>"; };
/* End PBXFileReference section */

/* Begin PBXFrameworksBuildPhase section */
		0045144E27298F5A00CB523A /* Frameworks */ = {
			isa = PBXFrameworksBuildPhase;
			buildActionMask = 2147483647;
			files = (
			);
			runOnlyForDeploymentPostprocessing = 0;
		};
/* End PBXFrameworksBuildPhase section */

/* Begin PBXGroup section */
		0045144827298F5A00CB523A = {
			isa = PBXGroup;
			children = (
				00A9E8F52A8EC03700067280 /* CurrencyDiff.swift */,
				004766052905E5B500BCCCA1 /* Localizable.stringsdict */,
				0045145327298F5A00CB523A /* Cost Per Week */,
				0045145227298F5A00CB523A /* Products */,
			);
			sourceTree = "<group>";
		};
		0045145227298F5A00CB523A /* Products */ = {
			isa = PBXGroup;
			children = (
				0045145127298F5A00CB523A /* Cost Per Week.app */,
			);
			name = Products;
			sourceTree = "<group>";
		};
		0045145327298F5A00CB523A /* Cost Per Week */ = {
			isa = PBXGroup;
			children = (
				00DAC2D429E059D100F1849A /* Model */,
				00DAC2D529E059EF00F1849A /* View */,
				00DAC2D329E059CA00F1849A /* ViewModel */,
				00DAC2D629E05B4A00F1849A /* Services */,
				0045145427298F5A00CB523A /* AppDelegate.swift */,
				0045145627298F5A00CB523A /* SceneDelegate.swift */,
				0045145D27298F5C00CB523A /* Assets.xcassets */,
				0045145F27298F5C00CB523A /* LaunchScreen.storyboard */,
				0045146227298F5C00CB523A /* Info.plist */,
			);
			path = "Cost Per Week";
			sourceTree = "<group>";
		};
		00B47CFA2A7C1C4B00B01E52 /* ItemsTableViewController */ = {
			isa = PBXGroup;
			children = (
				005323CB272B463F008FAAD7 /* ItemsTableViewController.swift */,
				0023B3FC2A59BD6200FDE61C /* ItemsTableViewController + Navigation.swift */,
				00CA40812A30AF8800845AC7 /* ItemsTableViewController + EmptyView.swift */,
			);
			path = ItemsTableViewController;
			sourceTree = "<group>";
		};
		00DAC2D329E059CA00F1849A /* ViewModel */ = {
			isa = PBXGroup;
			children = (
				002F635C2A0D35520036D6B5 /* ItemsTableViewControllerViewModel.swift */,
				004997792A6EC3670075540A /* DetailViewModel.swift */,
				00AF38452A84300C007D72FB /* ItemAddonViewModel.swift */,
				00A9E8F72A8EEB2E00067280 /* SettingsViewModel.swift */,
				00A9E8F12A8E791400067280 /* ItemCellViewModel.swift */,
			);
			path = ViewModel;
			sourceTree = "<group>";
		};
		00DAC2D429E059D100F1849A /* Model */ = {
			isa = PBXGroup;
			children = (
				0045146A27298FEE00CB523A /* Item.swift */,
				002F63582A0D07070036D6B5 /* ItemType.swift */,
				002FE3652A5F2906002BB472 /* ItemAddon.swift */,
				002FE3672A5F2B22002BB472 /* CurrencyObject.swift */,
			);
			path = Model;
			sourceTree = "<group>";
		};
		00DAC2D529E059EF00F1849A /* View */ = {
			isa = PBXGroup;
			children = (
				00B47CFA2A7C1C4B00B01E52 /* ItemsTableViewController */,
				004F99222A571D580081365F /* SheetView.swift */,
				00B47CFB2A7C1F0600B01E52 /* DetailView.swift */,
				0062827E2A7D4961005D5F61 /* ItemAddonView.swift */,
				00A9E8F32A8E7A3500067280 /* SettingsView.swift */,
				00A9E8EF2A8E705A00067280 /* ItemCell.swift */,
				002F635A2A0D0BE80036D6B5 /* LaunchScreen.swift */,
			);
			path = View;
			sourceTree = "<group>";
		};
		00DAC2D629E05B4A00F1849A /* Services */ = {
			isa = PBXGroup;
			children = (
				0045146827298F9800CB523A /* Persistency.swift */,
				00B008A12A6AAFAA0096EA7D /* Protocols.swift */,
			);
			path = Services;
			sourceTree = "<group>";
		};
/* End PBXGroup section */

/* Begin PBXNativeTarget section */
		0045145027298F5A00CB523A /* Cost Per Week */ = {
			isa = PBXNativeTarget;
			buildConfigurationList = 0045146527298F5C00CB523A /* Build configuration list for PBXNativeTarget "Cost Per Week" */;
			buildPhases = (
				0045144D27298F5A00CB523A /* Sources */,
				0045144E27298F5A00CB523A /* Frameworks */,
				0045144F27298F5A00CB523A /* Resources */,
			);
			buildRules = (
			);
			dependencies = (
			);
			name = "Cost Per Week";
			productName = "Cost Per Week";
			productReference = 0045145127298F5A00CB523A /* Cost Per Week.app */;
			productType = "com.apple.product-type.application";
		};
/* End PBXNativeTarget section */

/* Begin PBXProject section */
		0045144927298F5A00CB523A /* Project object */ = {
			isa = PBXProject;
			attributes = {
				BuildIndependentTargetsInParallel = 1;
				LastSwiftUpdateCheck = 1310;
				LastUpgradeCheck = 1540;
				TargetAttributes = {
					0045145027298F5A00CB523A = {
						CreatedOnToolsVersion = 13.1;
					};
				};
			};
			buildConfigurationList = 0045144C27298F5A00CB523A /* Build configuration list for PBXProject "Cost Per Week" */;
			compatibilityVersion = "Xcode 13.0";
			developmentRegion = en;
			hasScannedForEncodings = 0;
			knownRegions = (
				en,
				Base,
				ru,
			);
			mainGroup = 0045144827298F5A00CB523A;
			productRefGroup = 0045145227298F5A00CB523A /* Products */;
			projectDirPath = "";
			projectRoot = "";
			targets = (
				0045145027298F5A00CB523A /* Cost Per Week */,
			);
		};
/* End PBXProject section */

/* Begin PBXResourcesBuildPhase section */
		0045144F27298F5A00CB523A /* Resources */ = {
			isa = PBXResourcesBuildPhase;
			buildActionMask = 2147483647;
			files = (
				0045146127298F5C00CB523A /* LaunchScreen.storyboard in Resources */,
				0045145E27298F5C00CB523A /* Assets.xcassets in Resources */,
				004766062905E5B500BCCCA1 /* Localizable.stringsdict in Resources */,
			);
			runOnlyForDeploymentPostprocessing = 0;
		};
/* End PBXResourcesBuildPhase section */

/* Begin PBXSourcesBuildPhase section */
		0045144D27298F5A00CB523A /* Sources */ = {
			isa = PBXSourcesBuildPhase;
			buildActionMask = 2147483647;
			files = (
				002FE3682A5F2B22002BB472 /* CurrencyObject.swift in Sources */,
				00A9E8F82A8EEB2E00067280 /* SettingsViewModel.swift in Sources */,
				002F635B2A0D0BE80036D6B5 /* LaunchScreen.swift in Sources */,
				002F635D2A0D35520036D6B5 /* ItemsTableViewControllerViewModel.swift in Sources */,
				00CA40822A30AF8800845AC7 /* ItemsTableViewController + EmptyView.swift in Sources */,
				00A9E8F62A8EC03700067280 /* CurrencyDiff.swift in Sources */,
				0023B3FD2A59BD6200FDE61C /* ItemsTableViewController + Navigation.swift in Sources */,
				00A9E8F22A8E791400067280 /* ItemCellViewModel.swift in Sources */,
				002F63592A0D07070036D6B5 /* ItemType.swift in Sources */,
				005323CC272B463F008FAAD7 /* ItemsTableViewController.swift in Sources */,
				00AF38462A84300C007D72FB /* ItemAddonViewModel.swift in Sources */,
				002FE3662A5F2906002BB472 /* ItemAddon.swift in Sources */,
				0049977A2A6EC3670075540A /* DetailViewModel.swift in Sources */,
				0045146B27298FEE00CB523A /* Item.swift in Sources */,
				0045146927298F9800CB523A /* Persistency.swift in Sources */,
				004F99232A571D580081365F /* SheetView.swift in Sources */,
				0045145527298F5A00CB523A /* AppDelegate.swift in Sources */,
				00A9E8F02A8E705A00067280 /* ItemCell.swift in Sources */,
				00A9E8F42A8E7A3500067280 /* SettingsView.swift in Sources */,
				0045145727298F5A00CB523A /* SceneDelegate.swift in Sources */,
				00B008A22A6AAFAA0096EA7D /* Protocols.swift in Sources */,
				00B47CFC2A7C1F0600B01E52 /* DetailView.swift in Sources */,
				0062827F2A7D4961005D5F61 /* ItemAddonView.swift in Sources */,
			);
			runOnlyForDeploymentPostprocessing = 0;
		};
/* End PBXSourcesBuildPhase section */

/* Begin PBXVariantGroup section */
		0045145F27298F5C00CB523A /* LaunchScreen.storyboard */ = {
			isa = PBXVariantGroup;
			children = (
				0045146027298F5C00CB523A /* Base */,
				004766042905E51F00BCCCA1 /* ru */,
			);
			name = LaunchScreen.storyboard;
			sourceTree = "<group>";
		};
/* End PBXVariantGroup section */

/* Begin XCBuildConfiguration section */
		0045146327298F5C00CB523A /* Debug */ = {
			isa = XCBuildConfiguration;
			buildSettings = {
				ALWAYS_SEARCH_USER_PATHS = NO;
				ASSETCATALOG_COMPILER_GENERATE_SWIFT_ASSET_SYMBOL_EXTENSIONS = YES;
				CLANG_ANALYZER_LOCALIZABILITY_NONLOCALIZED = YES;
				CLANG_ANALYZER_NONNULL = YES;
				CLANG_ANALYZER_NUMBER_OBJECT_CONVERSION = YES_AGGRESSIVE;
				CLANG_CXX_LANGUAGE_STANDARD = "gnu++17";
				CLANG_CXX_LIBRARY = "libc++";
				CLANG_ENABLE_MODULES = YES;
				CLANG_ENABLE_OBJC_ARC = YES;
				CLANG_ENABLE_OBJC_WEAK = YES;
				CLANG_WARN_BLOCK_CAPTURE_AUTORELEASING = YES;
				CLANG_WARN_BOOL_CONVERSION = YES;
				CLANG_WARN_COMMA = YES;
				CLANG_WARN_CONSTANT_CONVERSION = YES;
				CLANG_WARN_DEPRECATED_OBJC_IMPLEMENTATIONS = YES;
				CLANG_WARN_DIRECT_OBJC_ISA_USAGE = YES_ERROR;
				CLANG_WARN_DOCUMENTATION_COMMENTS = YES;
				CLANG_WARN_EMPTY_BODY = YES;
				CLANG_WARN_ENUM_CONVERSION = YES;
				CLANG_WARN_INFINITE_RECURSION = YES;
				CLANG_WARN_INT_CONVERSION = YES;
				CLANG_WARN_NON_LITERAL_NULL_CONVERSION = YES;
				CLANG_WARN_OBJC_IMPLICIT_RETAIN_SELF = YES;
				CLANG_WARN_OBJC_LITERAL_CONVERSION = YES;
				CLANG_WARN_OBJC_ROOT_CLASS = YES_ERROR;
				CLANG_WARN_QUOTED_INCLUDE_IN_FRAMEWORK_HEADER = YES;
				CLANG_WARN_RANGE_LOOP_ANALYSIS = YES;
				CLANG_WARN_STRICT_PROTOTYPES = YES;
				CLANG_WARN_SUSPICIOUS_MOVE = YES;
				CLANG_WARN_UNGUARDED_AVAILABILITY = YES_AGGRESSIVE;
				CLANG_WARN_UNREACHABLE_CODE = YES;
				CLANG_WARN__DUPLICATE_METHOD_MATCH = YES;
				COPY_PHASE_STRIP = NO;
				DEBUG_INFORMATION_FORMAT = dwarf;
				ENABLE_STRICT_OBJC_MSGSEND = YES;
				ENABLE_TESTABILITY = YES;
				ENABLE_USER_SCRIPT_SANDBOXING = YES;
				GCC_C_LANGUAGE_STANDARD = gnu11;
				GCC_DYNAMIC_NO_PIC = NO;
				GCC_NO_COMMON_BLOCKS = YES;
				GCC_OPTIMIZATION_LEVEL = 0;
				GCC_PREPROCESSOR_DEFINITIONS = (
					"DEBUG=1",
					"$(inherited)",
				);
				GCC_WARN_64_TO_32_BIT_CONVERSION = YES;
				GCC_WARN_ABOUT_RETURN_TYPE = YES_ERROR;
				GCC_WARN_UNDECLARED_SELECTOR = YES;
				GCC_WARN_UNINITIALIZED_AUTOS = YES_AGGRESSIVE;
				GCC_WARN_UNUSED_FUNCTION = YES;
				GCC_WARN_UNUSED_VARIABLE = YES;
				IPHONEOS_DEPLOYMENT_TARGET = 16.0;
				MTL_ENABLE_DEBUG_INFO = INCLUDE_SOURCE;
				MTL_FAST_MATH = YES;
				ONLY_ACTIVE_ARCH = YES;
				SDKROOT = iphoneos;
				SWIFT_ACTIVE_COMPILATION_CONDITIONS = DEBUG;
				SWIFT_OPTIMIZATION_LEVEL = "-Onone";
			};
			name = Debug;
		};
		0045146427298F5C00CB523A /* Release */ = {
			isa = XCBuildConfiguration;
			buildSettings = {
				ALWAYS_SEARCH_USER_PATHS = NO;
				ASSETCATALOG_COMPILER_GENERATE_SWIFT_ASSET_SYMBOL_EXTENSIONS = YES;
				CLANG_ANALYZER_LOCALIZABILITY_NONLOCALIZED = YES;
				CLANG_ANALYZER_NONNULL = YES;
				CLANG_ANALYZER_NUMBER_OBJECT_CONVERSION = YES_AGGRESSIVE;
				CLANG_CXX_LANGUAGE_STANDARD = "gnu++17";
				CLANG_CXX_LIBRARY = "libc++";
				CLANG_ENABLE_MODULES = YES;
				CLANG_ENABLE_OBJC_ARC = YES;
				CLANG_ENABLE_OBJC_WEAK = YES;
				CLANG_WARN_BLOCK_CAPTURE_AUTORELEASING = YES;
				CLANG_WARN_BOOL_CONVERSION = YES;
				CLANG_WARN_COMMA = YES;
				CLANG_WARN_CONSTANT_CONVERSION = YES;
				CLANG_WARN_DEPRECATED_OBJC_IMPLEMENTATIONS = YES;
				CLANG_WARN_DIRECT_OBJC_ISA_USAGE = YES_ERROR;
				CLANG_WARN_DOCUMENTATION_COMMENTS = YES;
				CLANG_WARN_EMPTY_BODY = YES;
				CLANG_WARN_ENUM_CONVERSION = YES;
				CLANG_WARN_INFINITE_RECURSION = YES;
				CLANG_WARN_INT_CONVERSION = YES;
				CLANG_WARN_NON_LITERAL_NULL_CONVERSION = YES;
				CLANG_WARN_OBJC_IMPLICIT_RETAIN_SELF = YES;
				CLANG_WARN_OBJC_LITERAL_CONVERSION = YES;
				CLANG_WARN_OBJC_ROOT_CLASS = YES_ERROR;
				CLANG_WARN_QUOTED_INCLUDE_IN_FRAMEWORK_HEADER = YES;
				CLANG_WARN_RANGE_LOOP_ANALYSIS = YES;
				CLANG_WARN_STRICT_PROTOTYPES = YES;
				CLANG_WARN_SUSPICIOUS_MOVE = YES;
				CLANG_WARN_UNGUARDED_AVAILABILITY = YES_AGGRESSIVE;
				CLANG_WARN_UNREACHABLE_CODE = YES;
				CLANG_WARN__DUPLICATE_METHOD_MATCH = YES;
				COPY_PHASE_STRIP = NO;
				DEBUG_INFORMATION_FORMAT = "dwarf-with-dsym";
				ENABLE_NS_ASSERTIONS = NO;
				ENABLE_STRICT_OBJC_MSGSEND = YES;
				ENABLE_USER_SCRIPT_SANDBOXING = YES;
				GCC_C_LANGUAGE_STANDARD = gnu11;
				GCC_NO_COMMON_BLOCKS = YES;
				GCC_WARN_64_TO_32_BIT_CONVERSION = YES;
				GCC_WARN_ABOUT_RETURN_TYPE = YES_ERROR;
				GCC_WARN_UNDECLARED_SELECTOR = YES;
				GCC_WARN_UNINITIALIZED_AUTOS = YES_AGGRESSIVE;
				GCC_WARN_UNUSED_FUNCTION = YES;
				GCC_WARN_UNUSED_VARIABLE = YES;
				IPHONEOS_DEPLOYMENT_TARGET = 16.0;
				MTL_ENABLE_DEBUG_INFO = NO;
				MTL_FAST_MATH = YES;
				SDKROOT = iphoneos;
				SWIFT_COMPILATION_MODE = wholemodule;
				SWIFT_OPTIMIZATION_LEVEL = "-O";
				VALIDATE_PRODUCT = YES;
			};
			name = Release;
		};
		0045146627298F5C00CB523A /* Debug */ = {
			isa = XCBuildConfiguration;
			buildSettings = {
				ASSETCATALOG_COMPILER_APPICON_NAME = AppIcon;
				ASSETCATALOG_COMPILER_GLOBAL_ACCENT_COLOR_NAME = AccentColor;
				CODE_SIGN_STYLE = Automatic;
				CURRENT_PROJECT_VERSION = 1;
				DEVELOPMENT_TEAM = S4A283Y4R2;
				GENERATE_INFOPLIST_FILE = YES;
				INFOPLIST_FILE = "Cost Per Week/Info.plist";
				INFOPLIST_KEY_CFBundleDisplayName = "Cost Per Week";
				INFOPLIST_KEY_LSApplicationCategoryType = "public.app-category.finance";
				INFOPLIST_KEY_UIApplicationSupportsIndirectInputEvents = YES;
				INFOPLIST_KEY_UILaunchStoryboardName = LaunchScreen.storyboard;
				INFOPLIST_KEY_UIMainStoryboardFile = LaunchScreen;
				INFOPLIST_KEY_UISupportedInterfaceOrientations = UIInterfaceOrientationPortrait;
				INFOPLIST_KEY_UISupportedInterfaceOrientations_iPad = "UIInterfaceOrientationLandscapeLeft UIInterfaceOrientationLandscapeRight UIInterfaceOrientationPortrait UIInterfaceOrientationPortraitUpsideDown";
				IPHONEOS_DEPLOYMENT_TARGET = 16.0;
				LD_RUNPATH_SEARCH_PATHS = (
					"$(inherited)",
					"@executable_path/Frameworks",
				);
				MARKETING_VERSION = 1.0;
				PRODUCT_BUNDLE_IDENTIFIER = "lc.Cost-Per-Week";
				PRODUCT_NAME = "$(TARGET_NAME)";
				SUPPORTED_PLATFORMS = "iphoneos iphonesimulator";
				SUPPORTS_MACCATALYST = NO;
				SUPPORTS_MAC_DESIGNED_FOR_IPHONE_IPAD = NO;
				SUPPORTS_XR_DESIGNED_FOR_IPHONE_IPAD = NO;
				SWIFT_EMIT_LOC_STRINGS = YES;
				SWIFT_VERSION = 5.0;
				TARGETED_DEVICE_FAMILY = 1;
			};
			name = Debug;
		};
		0045146727298F5C00CB523A /* Release */ = {
			isa = XCBuildConfiguration;
			buildSettings = {
				ASSETCATALOG_COMPILER_APPICON_NAME = AppIcon;
				ASSETCATALOG_COMPILER_GLOBAL_ACCENT_COLOR_NAME = AccentColor;
				CODE_SIGN_STYLE = Automatic;
				CURRENT_PROJECT_VERSION = 1;
				DEVELOPMENT_TEAM = S4A283Y4R2;
				GENERATE_INFOPLIST_FILE = YES;
				INFOPLIST_FILE = "Cost Per Week/Info.plist";
				INFOPLIST_KEY_CFBundleDisplayName = "Cost Per Week";
				INFOPLIST_KEY_LSApplicationCategoryType = "public.app-category.finance";
				INFOPLIST_KEY_UIApplicationSupportsIndirectInputEvents = YES;
				INFOPLIST_KEY_UILaunchStoryboardName = LaunchScreen.storyboard;
				INFOPLIST_KEY_UIMainStoryboardFile = LaunchScreen;
				INFOPLIST_KEY_UISupportedInterfaceOrientations = UIInterfaceOrientationPortrait;
				INFOPLIST_KEY_UISupportedInterfaceOrientations_iPad = "UIInterfaceOrientationLandscapeLeft UIInterfaceOrientationLandscapeRight UIInterfaceOrientationPortrait UIInterfaceOrientationPortraitUpsideDown";
				IPHONEOS_DEPLOYMENT_TARGET = 16.0;
				LD_RUNPATH_SEARCH_PATHS = (
					"$(inherited)",
					"@executable_path/Frameworks",
				);
				MARKETING_VERSION = 1.0;
				PRODUCT_BUNDLE_IDENTIFIER = "lc.Cost-Per-Week";
				PRODUCT_NAME = "$(TARGET_NAME)";
				SUPPORTED_PLATFORMS = "iphoneos iphonesimulator";
				SUPPORTS_MACCATALYST = NO;
				SUPPORTS_MAC_DESIGNED_FOR_IPHONE_IPAD = NO;
				SUPPORTS_XR_DESIGNED_FOR_IPHONE_IPAD = NO;
				SWIFT_EMIT_LOC_STRINGS = YES;
				SWIFT_VERSION = 5.0;
				TARGETED_DEVICE_FAMILY = 1;
			};
			name = Release;
		};
/* End XCBuildConfiguration section */

/* Begin XCConfigurationList section */
		0045144C27298F5A00CB523A /* Build configuration list for PBXProject "Cost Per Week" */ = {
			isa = XCConfigurationList;
			buildConfigurations = (
				0045146327298F5C00CB523A /* Debug */,
				0045146427298F5C00CB523A /* Release */,
			);
			defaultConfigurationIsVisible = 0;
			defaultConfigurationName = Release;
		};
		0045146527298F5C00CB523A /* Build configuration list for PBXNativeTarget "Cost Per Week" */ = {
			isa = XCConfigurationList;
			buildConfigurations = (
				0045146627298F5C00CB523A /* Debug */,
				0045146727298F5C00CB523A /* Release */,
			);
			defaultConfigurationIsVisible = 0;
			defaultConfigurationName = Release;
		};
/* End XCConfigurationList section */
	};
	rootObject = 0045144927298F5A00CB523A /* Project object */;
}
